
Microsoft Visual Studio Solution File, Format Version 12.00
Project("{FAE04EC0-301F-11D3-BF4B-00C04F79EFBC}") = "PasswordBank", "PasswordBank\PasswordBank.csproj", "{EFC2A0EE-41E4-4627-B990-1CBF7A5A509C}"
EndProject
Global
	GlobalSection(SolutionConfigurationPlatforms) = preSolution
		Debug|Any CPU = Debug|Any CPU
		Release|Any CPU = Release|Any CPU
	EndGlobalSection
	GlobalSection(ProjectConfigurationPlatforms) = postSolution
		{EFC2A0EE-41E4-4627-B990-1CBF7A5A509C}.Debug|Any CPU.ActiveCfg = Debug|Any CPU
		{EFC2A0EE-41E4-4627-B990-1CBF7A5A509C}.Debug|Any CPU.Build.0 = Debug|Any CPU
		{EFC2A0EE-41E4-4627-B990-1CBF7A5A509C}.Release|Any CPU.ActiveCfg = Release|Any CPU
		{EFC2A0EE-41E4-4627-B990-1CBF7A5A509C}.Release|Any CPU.Build.0 = Release|Any CPU
	EndGlobalSection
EndGlobal
